
Microsoft Visual Studio Solution File, Format Version 12.00
# Visual Studio Version 17
VisualStudioVersion = 17.3.32901.215
MinimumVisualStudioVersion = 10.0.40219.1
Project("{9A19103F-16F7-4668-BE54-9A1E7A4F7556}") = "BankSectorApplication", "BankSectorApplication.csproj", "{B745F69E-3279-4D9C-ADD4-D2C00D8DE857}"
EndProject
Global
	GlobalSection(SolutionConfigurationPlatforms) = preSolution
		Debug|Any CPU = Debug|Any CPU
		Release|Any CPU = Release|Any CPU
	EndGlobalSection
	GlobalSection(ProjectConfigurationPlatforms) = postSolution
		{B745F69E-3279-4D9C-ADD4-D2C00D8DE857}.Debug|Any CPU.ActiveCfg = Debug|Any CPU
		{B745F69E-3279-4D9C-ADD4-D2C00D8DE857}.Debug|Any CPU.Build.0 = Debug|Any CPU
		{B745F69E-3279-4D9C-ADD4-D2C00D8DE857}.Release|Any CPU.ActiveCfg = Release|Any CPU
		{B745F69E-3279-4D9C-ADD4-D2C00D8DE857}.Release|Any CPU.Build.0 = Release|Any CPU
	EndGlobalSection
	GlobalSection(SolutionProperties) = preSolution
		HideSolutionNode = FALSE
	EndGlobalSection
	GlobalSection(ExtensibilityGlobals) = postSolution
		SolutionGuid = {54A1A8FC-A3C8-42CE-949E-BF0F968CA2F4}
	EndGlobalSection
EndGlobal
